
Microsoft Visual Studio Solution File, Format Version 12.00
# Visual Studio Version 17
VisualStudioVersion = 17.4.33213.308
MinimumVisualStudioVersion = 10.0.40219.1
Project("{FAE04EC0-301F-11D3-BF4B-00C04F79EFBC}") = "Simple_API_CRUD", "Simple_API_CRUD\Simple_API_CRUD.csproj", "{1F23356E-8125-47E6-A100-A9C361FAF06D}"
EndProject
Global
	GlobalSection(SolutionConfigurationPlatforms) = preSolution
		Debug|Any CPU = Debug|Any CPU
		Release|Any CPU = Release|Any CPU
	EndGlobalSection
	GlobalSection(ProjectConfigurationPlatforms) = postSolution
		{1F23356E-8125-47E6-A100-A9C361FAF06D}.Debug|Any CPU.ActiveCfg = Debug|Any CPU
		{1F23356E-8125-47E6-A100-A9C361FAF06D}.Debug|Any CPU.Build.0 = Debug|Any CPU
		{1F23356E-8125-47E6-A100-A9C361FAF06D}.Release|Any CPU.ActiveCfg = Release|Any CPU
		{1F23356E-8125-47E6-A100-A9C361FAF06D}.Release|Any CPU.Build.0 = Release|Any CPU
	EndGlobalSection
	GlobalSection(SolutionProperties) = preSolution
		HideSolutionNode = FALSE
	EndGlobalSection
	GlobalSection(ExtensibilityGlobals) = postSolution
		SolutionGuid = {6130B806-FADC-44C1-85A6-9241396EB2B4}
	EndGlobalSection
EndGlobal
